
Microsoft Visual Studio Solution File, Format Version 12.00
# Visual Studio Version 16
VisualStudioVersion = 16.0.30104.148
MinimumVisualStudioVersion = 10.0.40219.1
Project("{FAE04EC0-301F-11D3-BF4B-00C04F79EFBC}") = "APSNetCoreMVCWithVue", "APSNetCoreMVCWithVue\APSNetCoreMVCWithVue.csproj", "{0980CCC6-695F-4953-8908-6760FD5C8E1B}"
EndProject
Global
	GlobalSection(SolutionConfigurationPlatforms) = preSolution
		Debug|Any CPU = Debug|Any CPU
		Release|Any CPU = Release|Any CPU
	EndGlobalSection
	GlobalSection(ProjectConfigurationPlatforms) = postSolution
		{0980CCC6-695F-4953-8908-6760FD5C8E1B}.Debug|Any CPU.ActiveCfg = Debug|Any CPU
		{0980CCC6-695F-4953-8908-6760FD5C8E1B}.Debug|Any CPU.Build.0 = Debug|Any CPU
		{0980CCC6-695F-4953-8908-6760FD5C8E1B}.Release|Any CPU.ActiveCfg = Release|Any CPU
		{0980CCC6-695F-4953-8908-6760FD5C8E1B}.Release|Any CPU.Build.0 = Release|Any CPU
	EndGlobalSection
	GlobalSection(SolutionProperties) = preSolution
		HideSolutionNode = FALSE
	EndGlobalSection
	GlobalSection(ExtensibilityGlobals) = postSolution
		SolutionGuid = {9525A7F6-8BF5-4936-BEDF-EED7DFC01FDA}
	EndGlobalSection
EndGlobal
